
Microsoft Visual Studio Solution File, Format Version 12.00
# Visual Studio Version 17
VisualStudioVersion = 17.8.34330.188
MinimumVisualStudioVersion = 10.0.40219.1
Project("{9A19103F-16F7-4668-BE54-9A1E7A4F7556}") = "TrabalhoIdiota", "src\TrabalhoIdiota\TrabalhoIdiota.csproj", "{C81D9CAB-4FF1-4535-9291-07B087851E8C}"
EndProject
Project("{FAE04EC0-301F-11D3-BF4B-00C04F79EFBC}") = "WorkerIdiota", "src\WorkerIdiota\WorkerIdiota.csproj", "{32A986B9-8E58-4864-9166-6A695FB486C2}"
EndProject
Global
	GlobalSection(SolutionConfigurationPlatforms) = preSolution
		Debug|Any CPU = Debug|Any CPU
		Release|Any CPU = Release|Any CPU
	EndGlobalSection
	GlobalSection(ProjectConfigurationPlatforms) = postSolution
		{C81D9CAB-4FF1-4535-9291-07B087851E8C}.Debug|Any CPU.ActiveCfg = Debug|Any CPU
		{C81D9CAB-4FF1-4535-9291-07B087851E8C}.Debug|Any CPU.Build.0 = Debug|Any CPU
		{C81D9CAB-4FF1-4535-9291-07B087851E8C}.Release|Any CPU.ActiveCfg = Release|Any CPU
		{C81D9CAB-4FF1-4535-9291-07B087851E8C}.Release|Any CPU.Build.0 = Release|Any CPU
		{32A986B9-8E58-4864-9166-6A695FB486C2}.Debug|Any CPU.ActiveCfg = Debug|Any CPU
		{32A986B9-8E58-4864-9166-6A695FB486C2}.Debug|Any CPU.Build.0 = Debug|Any CPU
		{32A986B9-8E58-4864-9166-6A695FB486C2}.Release|Any CPU.ActiveCfg = Release|Any CPU
		{32A986B9-8E58-4864-9166-6A695FB486C2}.Release|Any CPU.Build.0 = Release|Any CPU
	EndGlobalSection
	GlobalSection(SolutionProperties) = preSolution
		HideSolutionNode = FALSE
	EndGlobalSection
	GlobalSection(ExtensibilityGlobals) = postSolution
		SolutionGuid = {A7213BBF-56A9-47A7-B01A-4BDBC4878E32}
	EndGlobalSection
EndGlobal
